
Microsoft Visual Studio Solution File, Format Version 12.00
# Visual Studio 15
VisualStudioVersion = 15.0.28307.757
MinimumVisualStudioVersion = 10.0.40219.1
Project("{8BC9CEB8-8B4A-11D0-8D11-00A0C91BC942}") = "cse371-pc-project", "cse371-pc-project\cse371-pc-project.vcxproj", "{BCBCDB58-387A-40B8-9FE6-59C0948B6763}"
EndProject
Project("{8BC9CEB8-8B4A-11D0-8D11-00A0C91BC942}") = "BaggingParallelPredict", "BaggingParallelPredict\BaggingParallelPredict.vcxproj", "{D6DE8AF5-6E83-449A-BCE7-52DD07D90653}"
EndProject
Project("{8BC9CEB8-8B4A-11D0-8D11-00A0C91BC942}") = "StackingParallelTrain", "StackingParallelTrain\StackingParallelTrain.vcxproj", "{C785DE4F-90A8-435A-8089-941FAB2C2333}"
EndProject
Project("{8BC9CEB8-8B4A-11D0-8D11-00A0C91BC942}") = "StackingParallelPredict", "StackingParallelPredict\StackingParallelPredict.vcxproj", "{7E03AA18-A888-419B-9E89-4B2DF4390DA5}"
EndProject
Project("{8BC9CEB8-8B4A-11D0-8D11-00A0C91BC942}") = "RandomSubspaceParallelTrain", "RandomSubspaceParallelTrain\RandomSubspaceParallelTrain.vcxproj", "{820C1FEB-EF12-4AF5-A3FB-695D3892181A}"
EndProject
Project("{8BC9CEB8-8B4A-11D0-8D11-00A0C91BC942}") = "RandomSubspaceParallelPredict", "RandomSubspaceParallelPredict\RandomSubspaceParallelPredict.vcxproj", "{BC4A7953-4E89-457F-8FD3-69E2D82D4C74}"
EndProject
Project("{8BC9CEB8-8B4A-11D0-8D11-00A0C91BC942}") = "BaggingParallelTrain", "BaggingParallelTrain\BaggingParallelTrain.vcxproj", "{6ECC6379-4D4D-4A37-A5A5-9C9577043C7D}"
EndProject
Project("{8BC9CEB8-8B4A-11D0-8D11-00A0C91BC942}") = "AStackingParallelTrain", "AStackingParallelTrain\AStackingParallelTrain.vcxproj", "{9346F2AE-0E6E-46CF-AC22-CFF79418FF8B}"
EndProject
Project("{8BC9CEB8-8B4A-11D0-8D11-00A0C91BC942}") = "AStackingParallelPredict", "AStackingParallelPredict\AStackingParallelPredict.vcxproj", "{06573836-E6BE-4AD3-AB0D-6D5B299C63FD}"
EndProject
Project("{8BC9CEB8-8B4A-11D0-8D11-00A0C91BC942}") = "ABaggingParallelTrain", "ABaggingParallelTrain\ABaggingParallelTrain.vcxproj", "{646FAFC7-D09D-4ECA-85DC-B2E440F96AB1}"
EndProject
Project("{8BC9CEB8-8B4A-11D0-8D11-00A0C91BC942}") = "ABaggingParallelPredict", "ABaggingParallelPredict\ABaggingParallelPredict.vcxproj", "{B04BE85F-4103-4D9C-A63F-116E614B06C5}"
EndProject
Global
	GlobalSection(SolutionConfigurationPlatforms) = preSolution
		Debug|x64 = Debug|x64
		Debug|x86 = Debug|x86
		Release|x64 = Release|x64
		Release|x86 = Release|x86
	EndGlobalSection
	GlobalSection(ProjectConfigurationPlatforms) = postSolution
		{BCBCDB58-387A-40B8-9FE6-59C0948B6763}.Debug|x64.ActiveCfg = Debug|x64
		{BCBCDB58-387A-40B8-9FE6-59C0948B6763}.Debug|x64.Build.0 = Debug|x64
		{BCBCDB58-387A-40B8-9FE6-59C0948B6763}.Debug|x86.ActiveCfg = Debug|Win32
		{BCBCDB58-387A-40B8-9FE6-59C0948B6763}.Debug|x86.Build.0 = Debug|Win32
		{BCBCDB58-387A-40B8-9FE6-59C0948B6763}.Release|x64.ActiveCfg = Release|x64
		{BCBCDB58-387A-40B8-9FE6-59C0948B6763}.Release|x64.Build.0 = Release|x64
		{BCBCDB58-387A-40B8-9FE6-59C0948B6763}.Release|x86.ActiveCfg = Release|Win32
		{BCBCDB58-387A-40B8-9FE6-59C0948B6763}.Release|x86.Build.0 = Release|Win32
		{D6DE8AF5-6E83-449A-BCE7-52DD07D90653}.Debug|x64.ActiveCfg = Debug|x64
		{D6DE8AF5-6E83-449A-BCE7-52DD07D90653}.Debug|x64.Build.0 = Debug|x64
		{D6DE8AF5-6E83-449A-BCE7-52DD07D90653}.Debug|x86.ActiveCfg = Debug|Win32
		{D6DE8AF5-6E83-449A-BCE7-52DD07D90653}.Debug|x86.Build.0 = Debug|Win32
		{D6DE8AF5-6E83-449A-BCE7-52DD07D90653}.Release|x64.ActiveCfg = Release|x64
		{D6DE8AF5-6E83-449A-BCE7-52DD07D90653}.Release|x64.Build.0 = Release|x64
		{D6DE8AF5-6E83-449A-BCE7-52DD07D90653}.Release|x86.ActiveCfg = Release|Win32
		{D6DE8AF5-6E83-449A-BCE7-52DD07D90653}.Release|x86.Build.0 = Release|Win32
		{C785DE4F-90A8-435A-8089-941FAB2C2333}.Debug|x64.ActiveCfg = Debug|x64
		{C785DE4F-90A8-435A-8089-941FAB2C2333}.Debug|x64.Build.0 = Debug|x64
		{C785DE4F-90A8-435A-8089-941FAB2C2333}.Debug|x86.ActiveCfg = Debug|Win32
		{C785DE4F-90A8-435A-8089-941FAB2C2333}.Debug|x86.Build.0 = Debug|Win32
		{C785DE4F-90A8-435A-8089-941FAB2C2333}.Release|x64.ActiveCfg = Release|x64
		{C785DE4F-90A8-435A-8089-941FAB2C2333}.Release|x64.Build.0 = Release|x64
		{C785DE4F-90A8-435A-8089-941FAB2C2333}.Release|x86.ActiveCfg = Release|Win32
		{C785DE4F-90A8-435A-8089-941FAB2C2333}.Release|x86.Build.0 = Release|Win32
		{7E03AA18-A888-419B-9E89-4B2DF4390DA5}.Debug|x64.ActiveCfg = Debug|x64
		{7E03AA18-A888-419B-9E89-4B2DF4390DA5}.Debug|x64.Build.0 = Debug|x64
		{7E03AA18-A888-419B-9E89-4B2DF4390DA5}.Debug|x86.ActiveCfg = Debug|Win32
		{7E03AA18-A888-419B-9E89-4B2DF4390DA5}.Debug|x86.Build.0 = Debug|Win32
		{7E03AA18-A888-419B-9E89-4B2DF4390DA5}.Release|x64.ActiveCfg = Release|x64
		{7E03AA18-A888-419B-9E89-4B2DF4390DA5}.Release|x64.Build.0 = Release|x64
		{7E03AA18-A888-419B-9E89-4B2DF4390DA5}.Release|x86.ActiveCfg = Release|Win32
		{7E03AA18-A888-419B-9E89-4B2DF4390DA5}.Release|x86.Build.0 = Release|Win32
		{820C1FEB-EF12-4AF5-A3FB-695D3892181A}.Debug|x64.ActiveCfg = Debug|x64
		{820C1FEB-EF12-4AF5-A3FB-695D3892181A}.Debug|x64.Build.0 = Debug|x64
		{820C1FEB-EF12-4AF5-A3FB-695D3892181A}.Debug|x86.ActiveCfg = Debug|Win32
		{820C1FEB-EF12-4AF5-A3FB-695D3892181A}.Debug|x86.Build.0 = Debug|Win32
		{820C1FEB-EF12-4AF5-A3FB-695D3892181A}.Release|x64.ActiveCfg = Release|x64
		{820C1FEB-EF12-4AF5-A3FB-695D3892181A}.Release|x64.Build.0 = Release|x64
		{820C1FEB-EF12-4AF5-A3FB-695D3892181A}.Release|x86.ActiveCfg = Release|Win32
		{820C1FEB-EF12-4AF5-A3FB-695D3892181A}.Release|x86.Build.0 = Release|Win32
		{BC4A7953-4E89-457F-8FD3-69E2D82D4C74}.Debug|x64.ActiveCfg = Debug|x64
		{BC4A7953-4E89-457F-8FD3-69E2D82D4C74}.Debug|x64.Build.0 = Debug|x64
		{BC4A7953-4E89-457F-8FD3-69E2D82D4C74}.Debug|x86.ActiveCfg = Debug|Win32
		{BC4A7953-4E89-457F-8FD3-69E2D82D4C74}.Debug|x86.Build.0 = Debug|Win32
		{BC4A7953-4E89-457F-8FD3-69E2D82D4C74}.Release|x64.ActiveCfg = Release|x64
		{BC4A7953-4E89-457F-8FD3-69E2D82D4C74}.Release|x64.Build.0 = Release|x64
		{BC4A7953-4E89-457F-8FD3-69E2D82D4C74}.Release|x86.ActiveCfg = Release|Win32
		{BC4A7953-4E89-457F-8FD3-69E2D82D4C74}.Release|x86.Build.0 = Release|Win32
		{6ECC6379-4D4D-4A37-A5A5-9C9577043C7D}.Debug|x64.ActiveCfg = Debug|x64
		{6ECC6379-4D4D-4A37-A5A5-9C9577043C7D}.Debug|x64.Build.0 = Debug|x64
		{6ECC6379-4D4D-4A37-A5A5-9C9577043C7D}.Debug|x86.ActiveCfg = Debug|Win32
		{6ECC6379-4D4D-4A37-A5A5-9C9577043C7D}.Debug|x86.Build.0 = Debug|Win32
		{6ECC6379-4D4D-4A37-A5A5-9C9577043C7D}.Release|x64.ActiveCfg = Release|x64
		{6ECC6379-4D4D-4A37-A5A5-9C9577043C7D}.Release|x64.Build.0 = Release|x64
		{6ECC6379-4D4D-4A37-A5A5-9C9577043C7D}.Release|x86.ActiveCfg = Release|Win32
		{6ECC6379-4D4D-4A37-A5A5-9C9577043C7D}.Release|x86.Build.0 = Release|Win32
		{9346F2AE-0E6E-46CF-AC22-CFF79418FF8B}.Debug|x64.ActiveCfg = Debug|x64
		{9346F2AE-0E6E-46CF-AC22-CFF79418FF8B}.Debug|x64.Build.0 = Debug|x64
		{9346F2AE-0E6E-46CF-AC22-CFF79418FF8B}.Debug|x86.ActiveCfg = Debug|Win32
		{9346F2AE-0E6E-46CF-AC22-CFF79418FF8B}.Debug|x86.Build.0 = Debug|Win32
		{9346F2AE-0E6E-46CF-AC22-CFF79418FF8B}.Release|x64.ActiveCfg = Release|x64
		{9346F2AE-0E6E-46CF-AC22-CFF79418FF8B}.Release|x64.Build.0 = Release|x64
		{9346F2AE-0E6E-46CF-AC22-CFF79418FF8B}.Release|x86.ActiveCfg = Release|Win32
		{9346F2AE-0E6E-46CF-AC22-CFF79418FF8B}.Release|x86.Build.0 = Release|Win32
		{06573836-E6BE-4AD3-AB0D-6D5B299C63FD}.Debug|x64.ActiveCfg = Debug|x64
		{06573836-E6BE-4AD3-AB0D-6D5B299C63FD}.Debug|x64.Build.0 = Debug|x64
		{06573836-E6BE-4AD3-AB0D-6D5B299C63FD}.Debug|x86.ActiveCfg = Debug|Win32
		{06573836-E6BE-4AD3-AB0D-6D5B299C63FD}.Debug|x86.Build.0 = Debug|Win32
		{06573836-E6BE-4AD3-AB0D-6D5B299C63FD}.Release|x64.ActiveCfg = Release|x64
		{06573836-E6BE-4AD3-AB0D-6D5B299C63FD}.Release|x64.Build.0 = Release|x64
		{06573836-E6BE-4AD3-AB0D-6D5B299C63FD}.Release|x86.ActiveCfg = Release|Win32
		{06573836-E6BE-4AD3-AB0D-6D5B299C63FD}.Release|x86.Build.0 = Release|Win32
		{646FAFC7-D09D-4ECA-85DC-B2E440F96AB1}.Debug|x64.ActiveCfg = Debug|x64
		{646FAFC7-D09D-4ECA-85DC-B2E440F96AB1}.Debug|x64.Build.0 = Debug|x64
		{646FAFC7-D09D-4ECA-85DC-B2E440F96AB1}.Debug|x86.ActiveCfg = Debug|Win32
		{646FAFC7-D09D-4ECA-85DC-B2E440F96AB1}.Debug|x86.Build.0 = Debug|Win32
		{646FAFC7-D09D-4ECA-85DC-B2E440F96AB1}.Release|x64.ActiveCfg = Release|x64
		{646FAFC7-D09D-4ECA-85DC-B2E440F96AB1}.Release|x64.Build.0 = Release|x64
		{646FAFC7-D09D-4ECA-85DC-B2E440F96AB1}.Release|x86.ActiveCfg = Release|Win32
		{646FAFC7-D09D-4ECA-85DC-B2E440F96AB1}.Release|x86.Build.0 = Release|Win32
		{B04BE85F-4103-4D9C-A63F-116E614B06C5}.Debug|x64.ActiveCfg = Debug|x64
		{B04BE85F-4103-4D9C-A63F-116E614B06C5}.Debug|x64.Build.0 = Debug|x64
		{B04BE85F-4103-4D9C-A63F-116E614B06C5}.Debug|x86.ActiveCfg = Debug|Win32
		{B04BE85F-4103-4D9C-A63F-116E614B06C5}.Debug|x86.Build.0 = Debug|Win32
		{B04BE85F-4103-4D9C-A63F-116E614B06C5}.Release|x64.ActiveCfg = Release|x64
		{B04BE85F-4103-4D9C-A63F-116E614B06C5}.Release|x64.Build.0 = Release|x64
		{B04BE85F-4103-4D9C-A63F-116E614B06C5}.Release|x86.ActiveCfg = Release|Win32
		{B04BE85F-4103-4D9C-A63F-116E614B06C5}.Release|x86.Build.0 = Release|Win32
	EndGlobalSection
	GlobalSection(SolutionProperties) = preSolution
		HideSolutionNode = FALSE
	EndGlobalSection
	GlobalSection(ExtensibilityGlobals) = postSolution
		SolutionGuid = {597577EB-FBD0-4B1F-B57B-016453BA7E32}
	EndGlobalSection
EndGlobal
